
Microsoft Visual Studio Solution File, Format Version 12.00
# Visual Studio 14
VisualStudioVersion = 14.0.22815.0
MinimumVisualStudioVersion = 10.0.40219.1
Project("{8BC9CEB8-8B4A-11D0-8D11-00A0C91BC942}") = "winrtwrap", "winrtwrap\winrtwrap.vcxproj", "{DD4D0872-8224-4830-AA2D-5FDEF7B1DF3C}"
EndProject
Project("{8BC9CEB8-8B4A-11D0-8D11-00A0C91BC942}") = "winuniversalnode", "winuniversalnode\winuniversalnode.vcxproj", "{C762A70B-6A71-4A89-981C-54B231EF5991}"
	ProjectSection(ProjectDependencies) = postProject
		{DD4D0872-8224-4830-AA2D-5FDEF7B1DF3C} = {DD4D0872-8224-4830-AA2D-5FDEF7B1DF3C}
	EndProjectSection
EndProject
Global
	GlobalSection(SolutionConfigurationPlatforms) = preSolution
		Debug|ARM = Debug|ARM
		Debug|x64 = Debug|x64
		Debug|x86 = Debug|x86
		Release|ARM = Release|ARM
		Release|x64 = Release|x64
		Release|x86 = Release|x86
	EndGlobalSection
	GlobalSection(ProjectConfigurationPlatforms) = postSolution
		{DD4D0872-8224-4830-AA2D-5FDEF7B1DF3C}.Debug|ARM.ActiveCfg = Debug|ARM
		{DD4D0872-8224-4830-AA2D-5FDEF7B1DF3C}.Debug|ARM.Build.0 = Debug|ARM
		{DD4D0872-8224-4830-AA2D-5FDEF7B1DF3C}.Debug|x64.ActiveCfg = Debug|Win32
		{DD4D0872-8224-4830-AA2D-5FDEF7B1DF3C}.Debug|x86.ActiveCfg = Debug|Win32
		{DD4D0872-8224-4830-AA2D-5FDEF7B1DF3C}.Debug|x86.Build.0 = Debug|Win32
		{DD4D0872-8224-4830-AA2D-5FDEF7B1DF3C}.Release|ARM.ActiveCfg = Release|ARM
		{DD4D0872-8224-4830-AA2D-5FDEF7B1DF3C}.Release|ARM.Build.0 = Release|ARM
		{DD4D0872-8224-4830-AA2D-5FDEF7B1DF3C}.Release|x64.ActiveCfg = Release|x64
		{DD4D0872-8224-4830-AA2D-5FDEF7B1DF3C}.Release|x64.Build.0 = Release|x64
		{DD4D0872-8224-4830-AA2D-5FDEF7B1DF3C}.Release|x86.ActiveCfg = Release|Win32
		{DD4D0872-8224-4830-AA2D-5FDEF7B1DF3C}.Release|x86.Build.0 = Release|Win32
		{C762A70B-6A71-4A89-981C-54B231EF5991}.Debug|ARM.ActiveCfg = Debug|ARM
		{C762A70B-6A71-4A89-981C-54B231EF5991}.Debug|ARM.Build.0 = Debug|ARM
		{C762A70B-6A71-4A89-981C-54B231EF5991}.Debug|ARM.Deploy.0 = Debug|ARM
		{C762A70B-6A71-4A89-981C-54B231EF5991}.Debug|x64.ActiveCfg = Debug|x64
		{C762A70B-6A71-4A89-981C-54B231EF5991}.Debug|x64.Build.0 = Debug|x64
		{C762A70B-6A71-4A89-981C-54B231EF5991}.Debug|x64.Deploy.0 = Debug|x64
		{C762A70B-6A71-4A89-981C-54B231EF5991}.Debug|x86.ActiveCfg = Debug|Win32
		{C762A70B-6A71-4A89-981C-54B231EF5991}.Debug|x86.Build.0 = Debug|Win32
		{C762A70B-6A71-4A89-981C-54B231EF5991}.Debug|x86.Deploy.0 = Debug|Win32
		{C762A70B-6A71-4A89-981C-54B231EF5991}.Release|ARM.ActiveCfg = Release|ARM
		{C762A70B-6A71-4A89-981C-54B231EF5991}.Release|ARM.Build.0 = Release|ARM
		{C762A70B-6A71-4A89-981C-54B231EF5991}.Release|ARM.Deploy.0 = Release|ARM
		{C762A70B-6A71-4A89-981C-54B231EF5991}.Release|x64.ActiveCfg = Release|x64
		{C762A70B-6A71-4A89-981C-54B231EF5991}.Release|x64.Build.0 = Release|x64
		{C762A70B-6A71-4A89-981C-54B231EF5991}.Release|x64.Deploy.0 = Release|x64
		{C762A70B-6A71-4A89-981C-54B231EF5991}.Release|x86.ActiveCfg = Release|Win32
		{C762A70B-6A71-4A89-981C-54B231EF5991}.Release|x86.Build.0 = Release|Win32
		{C762A70B-6A71-4A89-981C-54B231EF5991}.Release|x86.Deploy.0 = Release|Win32
	EndGlobalSection
	GlobalSection(SolutionProperties) = preSolution
		HideSolutionNode = FALSE
	EndGlobalSection
EndGlobal
